# This file was autogenerated by Stack.
# You should not edit this file by hand.
# For more information, please see the documentation at:
#   https://docs.haskellstack.org/en/stable/lock_files

packages:
- completed:
    hackage: libsodium-1.0.18.1@sha256:718a99126c2ffc292da602a3da570e6772c94d5240ff120f6a17fe623db3ca8e,1020
    pantry-tree:
      size: 387
      sha256: de3b8b57d48e5ff53db4ec5d742f1b56e4979f709a59582798b979b32b222a80
  original:
    hackage: libsodium-1.0.18.1@sha256:718a99126c2ffc292da602a3da570e6772c94d5240ff120f6a17fe623db3ca8e,1020
- completed:
    hackage: biscuit-haskell-0.1.1.0@sha256:8fa0575f00dcc31cc4b391f275b39ba26062b1c2fab168b590f3a5087d50561f,3337
    pantry-tree:
      size: 1623
      sha256: 74f54ebf431c7c86ced505c8f38def451361d354dd71de753bcae914a7c8efe9
  original:
    hackage: biscuit-haskell-0.1.1.0
- completed:
    hackage: biscuit-servant-0.1.1.0@sha256:dcc4771f75998dfc2e2c9e643ef7c967eb52f282c08bd0b46615d82ca06790bf,1710
    pantry-tree:
      size: 504
      sha256: a47fa8e3a22bbaf59a40ea998994e463efdbc19d0ab54b69a22f078471898de3
  original:
    hackage: biscuit-servant-0.1.1.0
snapshots:
- completed:
    size: 567241
    url: https://raw.githubusercontent.com/commercialhaskell/stackage-snapshots/master/lts/17/10.yaml
    sha256: 321b3b9f0c7f76994b39e0dabafdc76478274b4ff74cc5e43d410897a335ad3b
  original: lts-17.10
