# This file was autogenerated by Stack.
# You should not edit this file by hand.
# For more information, please see the documentation at:
#   https://docs.haskellstack.org/en/stable/lock_files

packages:
- completed:
    subdir: biscuit
    name: biscuit-haskell
    version: 0.2.0.0
    git: https://github.com/divarvel/biscuit-haskell.git
    pantry-tree:
      size: 3799
      sha256: 112f472dfd570514e43e6c6298622a4559bbb4bf36f7120dbe72c352b13e17de
    commit: fc0a94342ff80d046fff58c8fcd352211f57dd44
  original:
    subdir: biscuit
    git: https://github.com/divarvel/biscuit-haskell.git
    commit: fc0a94342ff80d046fff58c8fcd352211f57dd44
- completed:
    subdir: biscuit-servant
    name: biscuit-servant
    version: 0.2.0.0
    git: https://github.com/divarvel/biscuit-haskell.git
    pantry-tree:
      size: 556
      sha256: 99aef2e812f2f6e9f3252baeccde2a0026de92e2b748639bcd3c3d4a04910d9a
    commit: fc0a94342ff80d046fff58c8fcd352211f57dd44
  original:
    subdir: biscuit-servant
    git: https://github.com/divarvel/biscuit-haskell.git
    commit: fc0a94342ff80d046fff58c8fcd352211f57dd44
snapshots:
- completed:
    size: 586110
    url: https://raw.githubusercontent.com/commercialhaskell/stackage-snapshots/master/lts/18/21.yaml
    sha256: ce4fb8d44f3c6c6032060a02e0ebb1bd29937c9a70101c1517b92a87d9515160
  original: lts-18.21
