# This file was autogenerated by Stack.
# You should not edit this file by hand.
# For more information, please see the documentation at:
#   https://docs.haskellstack.org/en/stable/lock_files

packages:
- completed:
    subdir: biscuit
    name: biscuit-haskell
    version: 0.2.0.1
    git: https://github.com/biscuit-auth/biscuit-haskell.git
    pantry-tree:
      size: 3913
      sha256: 02d58ded4ae1bc9d05ad468b3933f036256803e79754063902d8d89a21d1a34a
    commit: 5c41a9b0b85b53962bdc33402af77f8c08fd1aa7
  original:
    subdir: biscuit
    git: https://github.com/biscuit-auth/biscuit-haskell.git
    commit: 5c41a9b0b85b53962bdc33402af77f8c08fd1aa7
- completed:
    subdir: biscuit-servant
    name: biscuit-servant
    version: 0.2.0.1
    git: https://github.com/biscuit-auth/biscuit-haskell.git
    pantry-tree:
      size: 556
      sha256: 1cb1a848343196a28206d10aebbf32a8a1913ae5abc3933b5fa89ea9b4cde6a7
    commit: 5c41a9b0b85b53962bdc33402af77f8c08fd1aa7
  original:
    subdir: biscuit-servant
    git: https://github.com/biscuit-auth/biscuit-haskell.git
    commit: 5c41a9b0b85b53962bdc33402af77f8c08fd1aa7
- completed:
    hackage: validation-selective-0.1.0.1@sha256:9a5aa8b801efc6a4ffb120e1b28e80c5f7d090043be56bba11222cd20c393044,3621
    pantry-tree:
      size: 696
      sha256: bf72fe4304690da4b5bc6e5218b0f90b5613e7d658f3ce31731816a423fcbca6
  original:
    hackage: validation-selective-0.1.0.1
- completed:
    hackage: selective-0.4.2@sha256:d223434ba4545a09b02dbdc7a4d63bd41ef40cc3d3d82883ccc6daea9d2b2dd5,3507
    pantry-tree:
      size: 1160
      sha256: 38f9abe506185137433e9620f702efc40aae7aaab8d3797ceb0b31fc3342ec32
  original:
    hackage: selective-0.4.2@sha256:d223434ba4545a09b02dbdc7a4d63bd41ef40cc3d3d82883ccc6daea9d2b2dd5,3507
snapshots:
- completed:
    size: 616897
    url: https://raw.githubusercontent.com/commercialhaskell/stackage-snapshots/master/lts/19/0.yaml
    sha256: bbf2be02f17940bac1f87cb462d4fb0c3355de6dcfc53d84f4f9ad3ee2164f65
  original: lts-19.0
